
Microsoft Visual Studio Solution File, Format Version 12.00
# Visual Studio Version 17
VisualStudioVersion = 17.8.34330.188
MinimumVisualStudioVersion = 10.0.40219.1
Project("{FAE04EC0-301F-11D3-BF4B-00C04F79EFBC}") = "LaboHeroesVsMonster", "LaboHeroesVsMonster\LaboHeroesVsMonster.csproj", "{C5CD113A-628E-4702-A07B-D0216416AB76}"
EndProject
Global
	GlobalSection(SolutionConfigurationPlatforms) = preSolution
		Debug|Any CPU = Debug|Any CPU
		Release|Any CPU = Release|Any CPU
	EndGlobalSection
	GlobalSection(ProjectConfigurationPlatforms) = postSolution
		{C5CD113A-628E-4702-A07B-D0216416AB76}.Debug|Any CPU.ActiveCfg = Debug|Any CPU
		{C5CD113A-628E-4702-A07B-D0216416AB76}.Debug|Any CPU.Build.0 = Debug|Any CPU
		{C5CD113A-628E-4702-A07B-D0216416AB76}.Release|Any CPU.ActiveCfg = Release|Any CPU
		{C5CD113A-628E-4702-A07B-D0216416AB76}.Release|Any CPU.Build.0 = Release|Any CPU
	EndGlobalSection
	GlobalSection(SolutionProperties) = preSolution
		HideSolutionNode = FALSE
	EndGlobalSection
	GlobalSection(ExtensibilityGlobals) = postSolution
		SolutionGuid = {04B71085-E948-4908-9866-E493E43CE6C4}
	EndGlobalSection
EndGlobal
